# THIS IS AN AUTOGENERATED FILE. DO NOT EDIT THIS FILE DIRECTLY.
# yarn lockfile v1


big-integer@^1.6.40:
  version "1.6.43"
  resolved "https://registry.yarnpkg.com/big-integer/-/big-integer-1.6.43.tgz#8ac15bf13e93e509500859061233e19d8d0d99d1"
  integrity sha512-9dULc9jsKmXl0Aeunug8wbF+58n+hQoFjqClN7WeZwGLh0XJUWyJJ9Ee+Ep+Ql/J9fRsTVaeThp8MhiCCrY0Jg==

big-rational@^0.10.7:
  version "0.10.9"
  resolved "https://registry.yarnpkg.com/big-rational/-/big-rational-0.10.9.tgz#1869b1b225eb804faf6fd067c75daf6e4e207334"
  integrity sha512-BV45yRpXsaueexsg5vfIB+75yHavzHRa8vqgaCvcJMibpsWNr8aVA2EQh44aeQKtRbjBouS/UVavxv8eb8bYxQ==
  dependencies:
    big-integer "^1.6.40"
