# THIS IS AN AUTOGENERATED FILE. DO NOT EDIT THIS FILE DIRECTLY.
# yarn lockfile v1


"@exodus/currency@*":
  version "2.0.0"
  resolved "https://registry.yarnpkg.com/@exodus/currency/-/currency-2.0.0.tgz#7c0664c0491548c665c20bd1e3b79f2f56ac3501"
  integrity sha512-P6sLY5wG8/8cyf6BSOwZmvhJ2yq7skKYfvk4UONCt39NfbwAR92AcCWo6c+P+XoCNttmToyJMQVBXYLmgkue9A==
  dependencies:
    bn.js "^4.11.0"

bn.js@^4.11.0:
  version "4.12.0"
  resolved "https://registry.yarnpkg.com/bn.js/-/bn.js-4.12.0.tgz#775b3f278efbb9718eec7361f483fb36fbbfea88"
  integrity sha512-c98Bf3tPniI+scsdk237ku1Dc3ujXQTSgyiPUDEOe7tRkhrqridvh8klBv0HCEso1OLOYcHuCv/cS6DNxKH+ZA==

inherits@^2.0.1:
  version "2.0.4"
  resolved "https://registry.yarnpkg.com/inherits/-/inherits-2.0.4.tgz#0fa2c64f932917c3433a0ded55363aae37416b7c"
  integrity sha512-k/vGaX4/Yla3WzyMCvTQOXYeIHvqOKtnqBduzTHpzpQZzAskKMhZ2K+EnBiSM9zGSoIFeMpXKxa4dYeZIQqewQ==

xorshift.js@^1.0.3:
  version "1.0.5"
  resolved "https://registry.yarnpkg.com/xorshift.js/-/xorshift.js-1.0.5.tgz#17e19a8583f183878f4ff02d0bebc3183716d4b5"
  integrity sha512-izfjE9osPb9sb8/jGf98AMOTdqdzYR+Jr2dD+tOWS9CpUNmAJ0w08TNcIidVzywpKehjzwqrFOAvx2WKJy/uGw==
  dependencies:
    inherits "^2.0.1"
